
Microsoft Visual Studio Solution File, Format Version 12.00
# Visual Studio Version 16
VisualStudioVersion = 16.0.31205.134
MinimumVisualStudioVersion = 10.0.40219.1
Project("{FAE04EC0-301F-11D3-BF4B-00C04F79EFBC}") = "ReinoKaunta", "ReinoKaunta\ReinoKaunta.csproj", "{60F233E2-2C8F-461C-90DD-6776526CF8B2}"
EndProject
Global
	GlobalSection(SolutionConfigurationPlatforms) = preSolution
		Debug|x64 = Debug|x64
		Debug|x86 = Debug|x86
		Release|x64 = Release|x64
		Release|x86 = Release|x86
	EndGlobalSection
	GlobalSection(ProjectConfigurationPlatforms) = postSolution
		{60F233E2-2C8F-461C-90DD-6776526CF8B2}.Debug|x64.ActiveCfg = Debug|x64
		{60F233E2-2C8F-461C-90DD-6776526CF8B2}.Debug|x64.Build.0 = Debug|x64
		{60F233E2-2C8F-461C-90DD-6776526CF8B2}.Debug|x86.ActiveCfg = Debug|x86
		{60F233E2-2C8F-461C-90DD-6776526CF8B2}.Debug|x86.Build.0 = Debug|x86
		{60F233E2-2C8F-461C-90DD-6776526CF8B2}.Release|x64.ActiveCfg = Release|x64
		{60F233E2-2C8F-461C-90DD-6776526CF8B2}.Release|x64.Build.0 = Release|x64
		{60F233E2-2C8F-461C-90DD-6776526CF8B2}.Release|x86.ActiveCfg = Release|x86
		{60F233E2-2C8F-461C-90DD-6776526CF8B2}.Release|x86.Build.0 = Release|x86
	EndGlobalSection
	GlobalSection(SolutionProperties) = preSolution
		HideSolutionNode = FALSE
	EndGlobalSection
	GlobalSection(ExtensibilityGlobals) = postSolution
		SolutionGuid = {A386E147-2B3B-4E1A-9FE0-9A4DF6CBA1B2}
	EndGlobalSection
EndGlobal
